
Microsoft Visual Studio Solution File, Format Version 12.00
Project("{FAE04EC0-301F-11D3-BF4B-00C04F79EFBC}") = "BetterChestOrganizer", "BetterChestOrganizer\BetterChestOrganizer.csproj", "{D6859AA0-D41A-4A12-B050-79E6216E64E3}"
EndProject
Global
	GlobalSection(SolutionConfigurationPlatforms) = preSolution
		Debug|Any CPU = Debug|Any CPU
		Release|Any CPU = Release|Any CPU
	EndGlobalSection
	GlobalSection(ProjectConfigurationPlatforms) = postSolution
		{D6859AA0-D41A-4A12-B050-79E6216E64E3}.Debug|Any CPU.ActiveCfg = Debug|Any CPU
		{D6859AA0-D41A-4A12-B050-79E6216E64E3}.Debug|Any CPU.Build.0 = Debug|Any CPU
		{D6859AA0-D41A-4A12-B050-79E6216E64E3}.Release|Any CPU.ActiveCfg = Release|Any CPU
		{D6859AA0-D41A-4A12-B050-79E6216E64E3}.Release|Any CPU.Build.0 = Release|Any CPU
	EndGlobalSection
EndGlobal
